
Microsoft Visual Studio Solution File, Format Version 12.00
# Visual Studio Version 17
VisualStudioVersion = 17.14.36301.6 d17.14
MinimumVisualStudioVersion = 10.0.40219.1
Project("{FAE04EC0-301F-11D3-BF4B-00C04F79EFBC}") = "WebGestorEmpleados", "WebGestorEmpleados.csproj", "{6F60AAFE-3387-4CA2-BB92-069BFA23CEFF}"
EndProject
Global
	GlobalSection(SolutionConfigurationPlatforms) = preSolution
		Debug|Any CPU = Debug|Any CPU
		Release|Any CPU = Release|Any CPU
	EndGlobalSection
	GlobalSection(ProjectConfigurationPlatforms) = postSolution
		{6F60AAFE-3387-4CA2-BB92-069BFA23CEFF}.Debug|Any CPU.ActiveCfg = Debug|Any CPU
		{6F60AAFE-3387-4CA2-BB92-069BFA23CEFF}.Debug|Any CPU.Build.0 = Debug|Any CPU
		{6F60AAFE-3387-4CA2-BB92-069BFA23CEFF}.Release|Any CPU.ActiveCfg = Release|Any CPU
		{6F60AAFE-3387-4CA2-BB92-069BFA23CEFF}.Release|Any CPU.Build.0 = Release|Any CPU
	EndGlobalSection
	GlobalSection(SolutionProperties) = preSolution
		HideSolutionNode = FALSE
	EndGlobalSection
	GlobalSection(ExtensibilityGlobals) = postSolution
		SolutionGuid = {B053C9CD-3B1E-4236-9971-71DC7AF1B50E}
	EndGlobalSection
EndGlobal
